<?xml version="1.0" encoding="utf-8"?>
<Project ToolsVersion="4.0" xmlns="http://schemas.microsoft.com/developer/msbuild/2003">
  <ItemGroup>
    <Filter Include="Source Files">
      <UniqueIdentifier>{4FC737F1-C7A5-4376-A066-2A32D752A2FF}</UniqueIdentifier>
      <Extensions>cpp;c;cc;cxx;c++;cppm;ixx;def;odl;idl;hpj;bat;asm;asmx</Extensions>
    </Filter>
    <Filter Include="Header Files">
      <UniqueIdentifier>{93995380-89BD-4b04-88EB-625FBE52EBFB}</UniqueIdentifier>
      <Extensions>h;hh;hpp;hxx;h++;hm;inl;inc;ipp;xsd</Extensions>
    </Filter>
    <Filter Include="Resource Files">
      <UniqueIdentifier>{67DA6AB6-F800-4c08-8B7A-83BB121AAD01}</UniqueIdentifier>
      <Extensions>rc;ico;cur;bmp;dlg;rc2;rct;bin;rgs;gif;jpg;jpeg;jpe;resx;tiff;tif;png;wav;mfcribbon-ms</Extensions>
    </Filter>
  </ItemGroup>
  <ItemGroup>
    <ClCompile Include="KLibrary\source\gpu\buffer\constant_buffer.cpp">
      <Filter>Source Files</Filter>
    </ClCompile>
    <ClCompile Include="KLibrary\source\gpu\buffer\gpu_buffer.cpp">
      <Filter>Source Files</Filter>
    </ClCompile>
    <ClCompile Include="KLibrary\source\gpu\states\depth_state.cpp">
      <Filter>Source Files</Filter>
    </ClCompile>
    <ClCompile Include="KLibrary\source\gpu\states\raster_state.cpp">
      <Filter>Source Files</Filter>
    </ClCompile>
    <ClCompile Include="KLibrary\source\gpu\states\sampler_state.cpp">
      <Filter>Source Files</Filter>
    </ClCompile>
    <ClCompile Include="KLibrary\source\gpu\utility\shaders.cpp">
      <Filter>Source Files</Filter>
    </ClCompile>
    <ClCompile Include="KLibrary\source\gpu\utility\texture.cpp">
      <Filter>Source Files</Filter>
    </ClCompile>
    <ClCompile Include="KLibrary\source\gpu\utility\vbuffer.cpp">
      <Filter>Source Files</Filter>
    </ClCompile>
    <ClCompile Include="KLibrary\source\gpu\views\access_view.cpp">
      <Filter>Source Files</Filter>
    </ClCompile>
    <ClCompile Include="KLibrary\source\gpu\views\depth_view.cpp">
      <Filter>Source Files</Filter>
    </ClCompile>
    <ClCompile Include="KLibrary\source\gpu\views\shader_view.cpp">
      <Filter>Source Files</Filter>
    </ClCompile>
    <ClCompile Include="KLibrary\source\gpu\views\target_view.cpp">
      <Filter>Source Files</Filter>
    </ClCompile>
    <ClCompile Include="KLibrary\source\gpu\gpu.cpp">
      <Filter>Source Files</Filter>
    </ClCompile>
    <ClCompile Include="KLibrary\source\graphics\color.cpp">
      <Filter>Source Files</Filter>
    </ClCompile>
    <ClCompile Include="KLibrary\source\graphics\image.cpp">
      <Filter>Source Files</Filter>
    </ClCompile>
    <ClCompile Include="KLibrary\source\graphics\video.cpp">
      <Filter>Source Files</Filter>
    </ClCompile>
    <ClCompile Include="KLibrary\source\render\camera.cpp">
      <Filter>Source Files</Filter>
    </ClCompile>
    <ClCompile Include="KLibrary\source\render\plane.cpp">
      <Filter>Source Files</Filter>
    </ClCompile>
    <ClCompile Include="KLibrary\source\render\ray.cpp">
      <Filter>Source Files</Filter>
    </ClCompile>
    <ClCompile Include="KLibrary\source\render\sphere.cpp">
      <Filter>Source Files</Filter>
    </ClCompile>
    <ClCompile Include="KLibrary\source\render\triangle.cpp">
      <Filter>Source Files</Filter>
    </ClCompile>
    <ClCompile Include="KLibrary\source\render\vertex.cpp">
      <Filter>Source Files</Filter>
    </ClCompile>
    <ClCompile Include="KLibrary\source\utility\async.cpp">
      <Filter>Source Files</Filter>
    </ClCompile>
    <ClCompile Include="KLibrary\source\utility\console.cpp">
      <Filter>Source Files</Filter>
    </ClCompile>
    <ClCompile Include="KLibrary\source\utility\encrypter.cpp">
      <Filter>Source Files</Filter>
    </ClCompile>
    <ClCompile Include="KLibrary\source\utility\file.cpp">
      <Filter>Source Files</Filter>
    </ClCompile>
    <ClCompile Include="KLibrary\source\utility\random.cpp">
      <Filter>Source Files</Filter>
    </ClCompile>
    <ClCompile Include="KLibrary\source\utility\socket.cpp">
      <Filter>Source Files</Filter>
    </ClCompile>
    <ClCompile Include="KLibrary\source\utility\strings.cpp">
      <Filter>Source Files</Filter>
    </ClCompile>
    <ClCompile Include="KLibrary\source\utility\time.cpp">
      <Filter>Source Files</Filter>
    </ClCompile>
    <ClCompile Include="KLibrary\source\utility\web.cpp">
      <Filter>Source Files</Filter>
    </ClCompile>
    <ClCompile Include="KLibrary\source\window\double_buffer.cpp">
      <Filter>Source Files</Filter>
    </ClCompile>
    <ClCompile Include="KLibrary\source\window\key.cpp">
      <Filter>Source Files</Filter>
    </ClCompile>
    <ClCompile Include="KLibrary\source\window\keys.cpp">
      <Filter>Source Files</Filter>
    </ClCompile>
    <ClCompile Include="KLibrary\source\window\mouse.cpp">
      <Filter>Source Files</Filter>
    </ClCompile>
    <ClCompile Include="KLibrary\source\window\window.cpp">
      <Filter>Source Files</Filter>
    </ClCompile>
    <ClCompile Include="KLibrary\source\window\window_private.cpp">
      <Filter>Source Files</Filter>
    </ClCompile>
    <ClCompile Include="source\Data.cpp">
      <Filter>Source Files</Filter>
    </ClCompile>
    <ClCompile Include="source\Game.cpp">
      <Filter>Source Files</Filter>
    </ClCompile>
    <ClCompile Include="source\Input.cpp">
      <Filter>Source Files</Filter>
    </ClCompile>
    <ClCompile Include="source\Postprocess.cpp">
      <Filter>Source Files</Filter>
    </ClCompile>
    <ClCompile Include="source\Render.cpp">
      <Filter>Source Files</Filter>
    </ClCompile>
    <ClCompile Include="source\Skybox.cpp">
      <Filter>Source Files</Filter>
    </ClCompile>
  </ItemGroup>
  <ItemGroup>
    <ClInclude Include="KLibrary\source\gpu\dx_types.h">
      <Filter>Header Files</Filter>
    </ClInclude>
    <ClInclude Include="KLibrary\source\gpu\gpu.h">
      <Filter>Header Files</Filter>
    </ClInclude>
    <ClInclude Include="KLibrary\source\graphics\color.h">
      <Filter>Header Files</Filter>
    </ClInclude>
    <ClInclude Include="KLibrary\source\graphics\image.h">
      <Filter>Header Files</Filter>
    </ClInclude>
    <ClInclude Include="KLibrary\source\graphics\video.h">
      <Filter>Header Files</Filter>
    </ClInclude>
    <ClInclude Include="KLibrary\source\math\math.h">
      <Filter>Header Files</Filter>
    </ClInclude>
    <ClInclude Include="KLibrary\source\math\matrix.h">
      <Filter>Header Files</Filter>
    </ClInclude>
    <ClInclude Include="KLibrary\source\math\matrix2x2.h">
      <Filter>Header Files</Filter>
    </ClInclude>
    <ClInclude Include="KLibrary\source\math\matrix3x3.h">
      <Filter>Header Files</Filter>
    </ClInclude>
    <ClInclude Include="KLibrary\source\math\matrix4x4.h">
      <Filter>Header Files</Filter>
    </ClInclude>
    <ClInclude Include="KLibrary\source\math\vector2.h">
      <Filter>Header Files</Filter>
    </ClInclude>
    <ClInclude Include="KLibrary\source\math\vector3.h">
      <Filter>Header Files</Filter>
    </ClInclude>
    <ClInclude Include="KLibrary\source\math\vector4.h">
      <Filter>Header Files</Filter>
    </ClInclude>
    <ClInclude Include="KLibrary\source\render\camera.h">
      <Filter>Header Files</Filter>
    </ClInclude>
    <ClInclude Include="KLibrary\source\render\plane.h">
      <Filter>Header Files</Filter>
    </ClInclude>
    <ClInclude Include="KLibrary\source\render\ray.h">
      <Filter>Header Files</Filter>
    </ClInclude>
    <ClInclude Include="KLibrary\source\render\sphere.h">
      <Filter>Header Files</Filter>
    </ClInclude>
    <ClInclude Include="KLibrary\source\render\triangle.h">
      <Filter>Header Files</Filter>
    </ClInclude>
    <ClInclude Include="KLibrary\source\render\vertex.h">
      <Filter>Header Files</Filter>
    </ClInclude>
    <ClInclude Include="KLibrary\source\utility\async.h">
      <Filter>Header Files</Filter>
    </ClInclude>
    <ClInclude Include="KLibrary\source\utility\console.h">
      <Filter>Header Files</Filter>
    </ClInclude>
    <ClInclude Include="KLibrary\source\utility\encrypter.h">
      <Filter>Header Files</Filter>
    </ClInclude>
    <ClInclude Include="KLibrary\source\utility\file.h">
      <Filter>Header Files</Filter>
    </ClInclude>
    <ClInclude Include="KLibrary\source\utility\random.h">
      <Filter>Header Files</Filter>
    </ClInclude>
    <ClInclude Include="KLibrary\source\utility\socket.h">
      <Filter>Header Files</Filter>
    </ClInclude>
    <ClInclude Include="KLibrary\source\utility\strings.h">
      <Filter>Header Files</Filter>
    </ClInclude>
    <ClInclude Include="KLibrary\source\utility\time.h">
      <Filter>Header Files</Filter>
    </ClInclude>
    <ClInclude Include="KLibrary\source\utility\web.h">
      <Filter>Header Files</Filter>
    </ClInclude>
    <ClInclude Include="KLibrary\source\window\double_buffer.h">
      <Filter>Header Files</Filter>
    </ClInclude>
    <ClInclude Include="KLibrary\source\window\key.h">
      <Filter>Header Files</Filter>
    </ClInclude>
    <ClInclude Include="KLibrary\source\window\keys.h">
      <Filter>Header Files</Filter>
    </ClInclude>
    <ClInclude Include="KLibrary\source\window\mouse.h">
      <Filter>Header Files</Filter>
    </ClInclude>
    <ClInclude Include="KLibrary\source\window\window.h">
      <Filter>Header Files</Filter>
    </ClInclude>
    <ClInclude Include="KLibrary\source\KrimzLib.h">
      <Filter>Header Files</Filter>
    </ClInclude>
    <ClInclude Include="source\Data.h">
      <Filter>Header Files</Filter>
    </ClInclude>
    <ClInclude Include="source\Game.h">
      <Filter>Header Files</Filter>
    </ClInclude>
    <ClInclude Include="source\Input.h">
      <Filter>Header Files</Filter>
    </ClInclude>
    <ClInclude Include="source\Postprocess.h">
      <Filter>Header Files</Filter>
    </ClInclude>
    <ClInclude Include="source\Render.h">
      <Filter>Header Files</Filter>
    </ClInclude>
    <ClInclude Include="source\Skybox.h">
      <Filter>Header Files</Filter>
    </ClInclude>
  </ItemGroup>
</Project>